
Microsoft Visual Studio Solution File, Format Version 12.00
# Visual Studio Version 17
VisualStudioVersion = 17.6.33815.320
MinimumVisualStudioVersion = 10.0.40219.1
Project("{9A19103F-16F7-4668-BE54-9A1E7A4F7556}") = "lab6", "lab6.csproj", "{F7DEA943-A13A-4C63-A59D-BCC46C9F9B80}"
EndProject
Project("{9A19103F-16F7-4668-BE54-9A1E7A4F7556}") = "ClassLibrary", "ClassLibrary\ClassLibrary.csproj", "{20DF4398-FFB0-46F3-8F64-40F1A74CCD96}"
EndProject
Global
	GlobalSection(SolutionConfigurationPlatforms) = preSolution
		Debug|Any CPU = Debug|Any CPU
		Release|Any CPU = Release|Any CPU
	EndGlobalSection
	GlobalSection(ProjectConfigurationPlatforms) = postSolution
		{F7DEA943-A13A-4C63-A59D-BCC46C9F9B80}.Debug|Any CPU.ActiveCfg = Debug|Any CPU
		{F7DEA943-A13A-4C63-A59D-BCC46C9F9B80}.Debug|Any CPU.Build.0 = Debug|Any CPU
		{F7DEA943-A13A-4C63-A59D-BCC46C9F9B80}.Release|Any CPU.ActiveCfg = Release|Any CPU
		{F7DEA943-A13A-4C63-A59D-BCC46C9F9B80}.Release|Any CPU.Build.0 = Release|Any CPU
		{20DF4398-FFB0-46F3-8F64-40F1A74CCD96}.Debug|Any CPU.ActiveCfg = Debug|Any CPU
		{20DF4398-FFB0-46F3-8F64-40F1A74CCD96}.Debug|Any CPU.Build.0 = Debug|Any CPU
		{20DF4398-FFB0-46F3-8F64-40F1A74CCD96}.Release|Any CPU.ActiveCfg = Release|Any CPU
		{20DF4398-FFB0-46F3-8F64-40F1A74CCD96}.Release|Any CPU.Build.0 = Release|Any CPU
	EndGlobalSection
	GlobalSection(SolutionProperties) = preSolution
		HideSolutionNode = FALSE
	EndGlobalSection
	GlobalSection(ExtensibilityGlobals) = postSolution
		SolutionGuid = {59149736-84B3-40FA-8E2B-351F1C1F7A44}
	EndGlobalSection
EndGlobal
