
Microsoft Visual Studio Solution File, Format Version 12.00
# Visual Studio Version 17
VisualStudioVersion = 17.6.33815.320
MinimumVisualStudioVersion = 10.0.40219.1
Project("{FAE04EC0-301F-11D3-BF4B-00C04F79EFBC}") = "lab3_library", "..\lab3_library\lab3_library.csproj", "{2080D213-E432-40E1-B414-FAA1A3F1A885}"
EndProject
Project("{9A19103F-16F7-4668-BE54-9A1E7A4F7556}") = "lab3", "lab3.csproj", "{036FD5FA-1484-4749-9C86-31181A284CD0}"
EndProject
Global
	GlobalSection(SolutionConfigurationPlatforms) = preSolution
		Debug|Any CPU = Debug|Any CPU
		Release|Any CPU = Release|Any CPU
	EndGlobalSection
	GlobalSection(ProjectConfigurationPlatforms) = postSolution
		{2080D213-E432-40E1-B414-FAA1A3F1A885}.Debug|Any CPU.ActiveCfg = Debug|Any CPU
		{2080D213-E432-40E1-B414-FAA1A3F1A885}.Debug|Any CPU.Build.0 = Debug|Any CPU
		{2080D213-E432-40E1-B414-FAA1A3F1A885}.Release|Any CPU.ActiveCfg = Release|Any CPU
		{2080D213-E432-40E1-B414-FAA1A3F1A885}.Release|Any CPU.Build.0 = Release|Any CPU
		{036FD5FA-1484-4749-9C86-31181A284CD0}.Debug|Any CPU.ActiveCfg = Debug|Any CPU
		{036FD5FA-1484-4749-9C86-31181A284CD0}.Debug|Any CPU.Build.0 = Debug|Any CPU
		{036FD5FA-1484-4749-9C86-31181A284CD0}.Release|Any CPU.ActiveCfg = Release|Any CPU
		{036FD5FA-1484-4749-9C86-31181A284CD0}.Release|Any CPU.Build.0 = Release|Any CPU
	EndGlobalSection
	GlobalSection(SolutionProperties) = preSolution
		HideSolutionNode = FALSE
	EndGlobalSection
	GlobalSection(ExtensibilityGlobals) = postSolution
		SolutionGuid = {D2741C8F-8186-4EF8-8370-26753725A26F}
	EndGlobalSection
EndGlobal
