
Microsoft Visual Studio Solution File, Format Version 12.00
# Visual Studio Version 17
VisualStudioVersion = 17.6.33815.320
MinimumVisualStudioVersion = 10.0.40219.1
Project("{FAE04EC0-301F-11D3-BF4B-00C04F79EFBC}") = "lab3", "lab3.csproj", "{C281E8CB-D6C2-434E-8849-D21444DFD4CC}"
EndProject
Global
	GlobalSection(SolutionConfigurationPlatforms) = preSolution
		Debug|Any CPU = Debug|Any CPU
		Release|Any CPU = Release|Any CPU
	EndGlobalSection
	GlobalSection(ProjectConfigurationPlatforms) = postSolution
		{C281E8CB-D6C2-434E-8849-D21444DFD4CC}.Debug|Any CPU.ActiveCfg = Debug|Any CPU
		{C281E8CB-D6C2-434E-8849-D21444DFD4CC}.Debug|Any CPU.Build.0 = Debug|Any CPU
		{C281E8CB-D6C2-434E-8849-D21444DFD4CC}.Release|Any CPU.ActiveCfg = Release|Any CPU
		{C281E8CB-D6C2-434E-8849-D21444DFD4CC}.Release|Any CPU.Build.0 = Release|Any CPU
	EndGlobalSection
	GlobalSection(SolutionProperties) = preSolution
		HideSolutionNode = FALSE
	EndGlobalSection
	GlobalSection(ExtensibilityGlobals) = postSolution
		SolutionGuid = {D2741C8F-8186-4EF8-8370-26753725A26F}
	EndGlobalSection
EndGlobal
